
Microsoft Visual Studio Solution File, Format Version 12.00
# Visual Studio Version 17
VisualStudioVersion = 17.8.34330.188
MinimumVisualStudioVersion = 10.0.40219.1
Project("{FAE04EC0-301F-11D3-BF4B-00C04F79EFBC}") = "Prosjek_Ocjena", "Prosjek_Ocjena\Prosjek_Ocjena.csproj", "{72706F0D-80CF-45FD-A572-55BB17150CEC}"
EndProject
Global
	GlobalSection(SolutionConfigurationPlatforms) = preSolution
		Debug|Any CPU = Debug|Any CPU
		Release|Any CPU = Release|Any CPU
	EndGlobalSection
	GlobalSection(ProjectConfigurationPlatforms) = postSolution
		{72706F0D-80CF-45FD-A572-55BB17150CEC}.Debug|Any CPU.ActiveCfg = Debug|Any CPU
		{72706F0D-80CF-45FD-A572-55BB17150CEC}.Debug|Any CPU.Build.0 = Debug|Any CPU
		{72706F0D-80CF-45FD-A572-55BB17150CEC}.Release|Any CPU.ActiveCfg = Release|Any CPU
		{72706F0D-80CF-45FD-A572-55BB17150CEC}.Release|Any CPU.Build.0 = Release|Any CPU
	EndGlobalSection
	GlobalSection(SolutionProperties) = preSolution
		HideSolutionNode = FALSE
	EndGlobalSection
	GlobalSection(ExtensibilityGlobals) = postSolution
		SolutionGuid = {F331C2F8-080A-4395-9092-8315B4F3FB15}
	EndGlobalSection
EndGlobal
